<?xml version="1.0" encoding="utf-8"?>
<Project ToolsVersion="4.0" xmlns="http://schemas.microsoft.com/developer/msbuild/2003">
  <ItemGroup>
    <ClCompile Include="audio.cpp" />
    <ClCompile Include="console.cpp" />
    <ClCompile Include="BreakoutJack.cpp" />
    <ClCompile Include="crate.cpp" />
    <ClCompile Include="entity.cpp" />
    <ClCompile Include="game.cpp" />
    <ClCompile Include="graphics.cpp" />
    <ClCompile Include="gun.cpp" />
    <ClCompile Include="healthPack.cpp" />
    <ClCompile Include="hud.cpp" />
    <ClCompile Include="inputDialog.cpp" />
    <ClCompile Include="inventory.cpp" />
    <ClCompile Include="inventoryItem.cpp" />
    <ClCompile Include="item.cpp" />
    <ClCompile Include="itemController.cpp" />
    <ClCompile Include="levelController.cpp" />
    <ClCompile Include="list.cpp" />
    <ClCompile Include="machineGun.cpp" />
    <ClCompile Include="messageDialog.cpp" />
    <ClCompile Include="npc.cpp" />
    <ClCompile Include="npcController.cpp" />
    <ClCompile Include="OSD.cpp" />
    <ClCompile Include="pistol.cpp" />
    <ClCompile Include="player.cpp" />
    <ClCompile Include="projectile.cpp" />
    <ClCompile Include="shotgun.cpp" />
    <ClCompile Include="textureManager.cpp" />
    <ClCompile Include="input.cpp" />
    <ClCompile Include="image.cpp" />
    <ClCompile Include="textDX.cpp" />
    <ClCompile Include="tile.cpp" />
    <ClCompile Include="weapon.cpp" />
    <ClCompile Include="winmain.cpp" />
    <ClCompile Include="button.cpp" />
    <ClCompile Include="guard.cpp" />
    <ClCompile Include="medic.cpp" />
    <ClCompile Include="dog.cpp" />
    <ClCompile Include="jack.cpp" />
    <ClCompile Include="warden.cpp" />
    <ClCompile Include="bossGun.cpp" />
  </ItemGroup>
  <ItemGroup>
    <ClInclude Include="audio.h" />
    <ClInclude Include="console.h" />
    <ClInclude Include="constants.h" />
    <ClInclude Include="BreakoutJack.h" />
    <ClInclude Include="crate.h" />
    <ClInclude Include="entity.h" />
    <ClInclude Include="game.h" />
    <ClInclude Include="gameError.h" />
    <ClInclude Include="graphics.h" />
    <ClInclude Include="gun.h" />
    <ClInclude Include="healthPack.h" />
    <ClInclude Include="hud.h" />
    <ClInclude Include="inputDialog.h" />
    <ClInclude Include="inventory.h" />
    <ClInclude Include="inventoryItem.h" />
    <ClInclude Include="item.h" />
    <ClInclude Include="itemController.h" />
    <ClInclude Include="levelController.h" />
    <ClInclude Include="list.h" />
    <ClInclude Include="machineGun.h" />
    <ClInclude Include="messageDialog.h" />
    <ClInclude Include="npc.h" />
    <ClInclude Include="npcController.h" />
    <ClInclude Include="OSD.h" />
    <ClInclude Include="pistol.h" />
    <ClInclude Include="player.h" />
    <ClInclude Include="projectile.h" />
    <ClInclude Include="shotgun.h" />
    <ClInclude Include="textureManager.h" />
    <ClInclude Include="input.h" />
    <ClInclude Include="image.h" />
    <ClInclude Include="textDX.h" />
    <ClInclude Include="tile.h" />
    <ClInclude Include="weapon.h" />
    <ClInclude Include="button.h" />
    <ClInclude Include="guard.h" />
    <ClInclude Include="medic.h" />
    <ClInclude Include="dog.h" />
    <ClInclude Include="jack.h" />
    <ClInclude Include="warden.h" />
    <ClInclude Include="bossGun.h" />
  </ItemGroup>
  <ItemGroup>
    <None Include="ClassDiagram.cd" />
  </ItemGroup>
</Project>